
Microsoft Visual Studio Solution File, Format Version 12.00
# Visual Studio Version 17
VisualStudioVersion = 17.14.36603.0 d17.14
MinimumVisualStudioVersion = 10.0.40219.1
Project("{FAE04EC0-301F-11D3-BF4B-00C04F79EFBC}") = "Merge arrays", "Merge arrays.csproj", "{0D7AB96E-35AE-44B3-BF00-E7BA07CA4D23}"
EndProject
Global
	GlobalSection(SolutionConfigurationPlatforms) = preSolution
		Debug|Any CPU = Debug|Any CPU
		Release|Any CPU = Release|Any CPU
	EndGlobalSection
	GlobalSection(ProjectConfigurationPlatforms) = postSolution
		{0D7AB96E-35AE-44B3-BF00-E7BA07CA4D23}.Debug|Any CPU.ActiveCfg = Debug|Any CPU
		{0D7AB96E-35AE-44B3-BF00-E7BA07CA4D23}.Debug|Any CPU.Build.0 = Debug|Any CPU
		{0D7AB96E-35AE-44B3-BF00-E7BA07CA4D23}.Release|Any CPU.ActiveCfg = Release|Any CPU
		{0D7AB96E-35AE-44B3-BF00-E7BA07CA4D23}.Release|Any CPU.Build.0 = Release|Any CPU
	EndGlobalSection
	GlobalSection(SolutionProperties) = preSolution
		HideSolutionNode = FALSE
	EndGlobalSection
	GlobalSection(ExtensibilityGlobals) = postSolution
		SolutionGuid = {FA739D1A-71CA-4112-A803-3FF6181F05CD}
	EndGlobalSection
EndGlobal
